{
  "version": 4,
  "terraform_version": "1.5.2",
  "serial": 5,
  "lineage": "774d07da-7faa-ccbb-4bda-3caeeab48fb9",
  "outputs": {},
  "resources": [
    {
      "mode": "data",
      "type": "aws_instance",
      "name": "BastionHost",
      "provider": "provider[\"registry.terraform.io/hashicorp/aws\"]",
      "instances": [
        {
          "schema_version": 0,
          "attributes": {
            "ami": "ami-022e1a32d3f742bd8",
            "arn": "arn:aws:ec2:us-east-1:481234287216:instance/i-0821647faa92a23ff",
            "associate_public_ip_address": true,
            "availability_zone": "us-east-1a",
            "credit_specification": [
              {
                "cpu_credits": "standard"
              }
            ],
            "disable_api_stop": false,
            "disable_api_termination": false,
            "ebs_block_device": [],
            "ebs_optimized": false,
            "enclave_options": [
              {
                "enabled": false
              }
            ],
            "ephemeral_block_device": [],
            "filter": null,
            "get_password_data": false,
            "get_user_data": false,
            "host_id": "",
            "host_resource_group_arn": "",
            "iam_instance_profile": "",
            "id": "i-0821647faa92a23ff",
            "instance_id": "i-0821647faa92a23ff",
            "instance_state": "running",
            "instance_tags": null,
            "instance_type": "t2.micro",
            "ipv6_addresses": [],
            "key_name": "CLSDemo",
            "maintenance_options": [
              {
                "auto_recovery": "default"
              }
            ],
            "metadata_options": [
              {
                "http_endpoint": "enabled",
                "http_put_response_hop_limit": 2,
                "http_tokens": "required",
                "instance_metadata_tags": "disabled"
              }
            ],
            "monitoring": false,
            "network_interface_id": "eni-0f5a17da32c6e876e",
            "outpost_arn": "",
            "password_data": null,
            "placement_group": "",
            "placement_partition_number": 0,
            "private_dns": "ip-172-31-120-185.ec2.internal",
            "private_dns_name_options": [
              {
                "enable_resource_name_dns_a_record": false,
                "enable_resource_name_dns_aaaa_record": false,
                "hostname_type": "ip-name"
              }
            ],
            "private_ip": "172.31.120.185",
            "public_dns": "ec2-174-129-176-60.compute-1.amazonaws.com",
            "public_ip": "174.129.176.60",
            "root_block_device": [
              {
                "delete_on_termination": true,
                "device_name": "/dev/xvda",
                "encrypted": false,
                "iops": 3000,
                "kms_key_id": "",
                "tags": {},
                "throughput": 125,
                "volume_id": "vol-06b9a7b0626b37abd",
                "volume_size": 8,
                "volume_type": "gp3"
              }
            ],
            "secondary_private_ips": [],
            "security_groups": [
              "bastion-sg"
            ],
            "source_dest_check": true,
            "subnet_id": "subnet-0b49b011820a4466d",
            "tags": {
              "Name": "Bastion Host"
            },
            "tenancy": "default",
            "timeouts": null,
            "user_data": null,
            "user_data_base64": null,
            "vpc_security_group_ids": [
              "sg-06d1d8953e8a7faf0"
            ]
          },
          "sensitive_attributes": []
        }
      ]
    },
    {
      "mode": "data",
      "type": "aws_instance",
      "name": "MongoDBVMv2",
      "provider": "provider[\"registry.terraform.io/hashicorp/aws\"]",
      "instances": [
        {
          "schema_version": 0,
          "attributes": {
            "ami": "ami-03868dea313e1d02c",
            "arn": "arn:aws:ec2:us-east-1:481234287216:instance/i-01a73910944f478be",
            "associate_public_ip_address": true,
            "availability_zone": "us-east-1a",
            "credit_specification": [
              {
                "cpu_credits": "standard"
              }
            ],
            "disable_api_stop": false,
            "disable_api_termination": false,
            "ebs_block_device": [],
            "ebs_optimized": false,
            "enclave_options": [
              {
                "enabled": false
              }
            ],
            "ephemeral_block_device": [],
            "filter": null,
            "get_password_data": false,
            "get_user_data": false,
            "host_id": "",
            "host_resource_group_arn": "",
            "iam_instance_profile": "EC2OverkillRole",
            "id": "i-01a73910944f478be",
            "instance_id": "i-01a73910944f478be",
            "instance_state": "running",
            "instance_tags": null,
            "instance_type": "t2.micro",
            "ipv6_addresses": [],
            "key_name": "CLSDemo",
            "maintenance_options": [
              {
                "auto_recovery": "default"
              }
            ],
            "metadata_options": [
              {
                "http_endpoint": "enabled",
                "http_put_response_hop_limit": 1,
                "http_tokens": "optional",
                "instance_metadata_tags": "disabled"
              }
            ],
            "monitoring": false,
            "network_interface_id": "eni-0cfc850151fbe4714",
            "outpost_arn": "",
            "password_data": null,
            "placement_group": "",
            "placement_partition_number": 0,
            "private_dns": "ip-172-31-120-16.ec2.internal",
            "private_dns_name_options": [
              {
                "enable_resource_name_dns_a_record": false,
                "enable_resource_name_dns_aaaa_record": false,
                "hostname_type": "ip-name"
              }
            ],
            "private_ip": "172.31.120.16",
            "public_dns": "ec2-44-201-89-176.compute-1.amazonaws.com",
            "public_ip": "44.201.89.176",
            "root_block_device": [
              {
                "delete_on_termination": true,
                "device_name": "/dev/sda1",
                "encrypted": false,
                "iops": 150,
                "kms_key_id": "",
                "tags": {
                  "Name": "MongoDB-EBS-Volume"
                },
                "throughput": 0,
                "volume_id": "vol-07c9caf91b0fd2a13",
                "volume_size": 50,
                "volume_type": "gp2"
              }
            ],
            "secondary_private_ips": [],
            "security_groups": [
              "MongoDBSecurityGroup"
            ],
            "source_dest_check": true,
            "subnet_id": "subnet-0b49b011820a4466d",
            "tags": {
              "Name": "MongoDBServer v2"
            },
            "tenancy": "default",
            "timeouts": null,
            "user_data": null,
            "user_data_base64": null,
            "vpc_security_group_ids": [
              "sg-0a912a748fd3fd443"
            ]
          },
          "sensitive_attributes": []
        }
      ]
    },
    {
      "mode": "data",
      "type": "aws_internet_gateway",
      "name": "default-internet-gateway",
      "provider": "provider[\"registry.terraform.io/hashicorp/aws\"]",
      "instances": [
        {
          "schema_version": 0,
          "attributes": {
            "arn": "arn:aws:ec2:us-east-1:481234287216:internet-gateway/igw-e3c07798",
            "attachments": [
              {
                "state": "available",
                "vpc_id": "vpc-ff5b1b85"
              }
            ],
            "filter": [
              {
                "name": "tag:Name",
                "values": [
                  "default-internet-gateway"
                ]
              }
            ],
            "id": "igw-e3c07798",
            "internet_gateway_id": "igw-e3c07798",
            "owner_id": "481234287216",
            "tags": {
              "Name": "default-internet-gateway"
            },
            "timeouts": null
          },
          "sensitive_attributes": []
        }
      ]
    },
    {
      "mode": "data",
      "type": "aws_nat_gateway",
      "name": "newnatgw",
      "provider": "provider[\"registry.terraform.io/hashicorp/aws\"]",
      "instances": [
        {
          "schema_version": 0,
          "attributes": {
            "allocation_id": "eipalloc-0bc04edf4e62ab4fd",
            "association_id": "eipassoc-0657386c11fffb4f8",
            "connectivity_type": "public",
            "filter": null,
            "id": "nat-00252f79494059378",
            "network_interface_id": "eni-0fd111830d70d48f8",
            "private_ip": "172.31.120.40",
            "public_ip": "18.233.221.201",
            "state": "available",
            "subnet_id": "subnet-0b49b011820a4466d",
            "tags": {
              "Name": "newnatgw"
            },
            "timeouts": null,
            "vpc_id": "vpc-ff5b1b85"
          },
          "sensitive_attributes": []
        }
      ]
    },
    {
      "mode": "data",
      "type": "aws_network_acls",
      "name": "WizNACL",
      "provider": "provider[\"registry.terraform.io/hashicorp/aws\"]",
      "instances": [
        {
          "schema_version": 0,
          "attributes": {
            "filter": null,
            "id": "us-east-1",
            "ids": [
              "acl-378c274a"
            ],
            "tags": {
              "Name": "WizNACL"
            },
            "timeouts": null,
            "vpc_id": "vpc-ff5b1b85"
          },
          "sensitive_attributes": []
        }
      ]
    },
    {
      "mode": "data",
      "type": "aws_route_table",
      "name": "WizPrivateRT",
      "provider": "provider[\"registry.terraform.io/hashicorp/aws\"]",
      "instances": [
        {
          "schema_version": 0,
          "attributes": {
            "arn": "arn:aws:ec2:us-east-1:481234287216:route-table/rtb-01e29a1f59e5e646e",
            "associations": [
              {
                "gateway_id": "",
                "main": false,
                "route_table_association_id": "rtbassoc-05d6e8443a924b409",
                "route_table_id": "rtb-01e29a1f59e5e646e",
                "subnet_id": "subnet-0e181cebc851c5f86"
              },
              {
                "gateway_id": "",
                "main": false,
                "route_table_association_id": "rtbassoc-0a14a6f7bee4638ac",
                "route_table_id": "rtb-01e29a1f59e5e646e",
                "subnet_id": "subnet-05b4848fa221e0d86"
              }
            ],
            "filter": [
              {
                "name": "tag:Name",
                "values": [
                  "WizPrivateRT"
                ]
              }
            ],
            "gateway_id": null,
            "id": "rtb-01e29a1f59e5e646e",
            "owner_id": "481234287216",
            "route_table_id": "rtb-01e29a1f59e5e646e",
            "routes": [
              {
                "carrier_gateway_id": "",
                "cidr_block": "0.0.0.0/0",
                "core_network_arn": "",
                "destination_prefix_list_id": "",
                "egress_only_gateway_id": "",
                "gateway_id": "",
                "instance_id": "",
                "ipv6_cidr_block": "",
                "local_gateway_id": "",
                "nat_gateway_id": "nat-00252f79494059378",
                "network_interface_id": "",
                "transit_gateway_id": "",
                "vpc_endpoint_id": "",
                "vpc_peering_connection_id": ""
              }
            ],
            "subnet_id": "subnet-05b4848fa221e0d86",
            "tags": {
              "Name": "WizPrivateRT"
            },
            "timeouts": null,
            "vpc_id": "vpc-ff5b1b85"
          },
          "sensitive_attributes": []
        }
      ]
    },
    {
      "mode": "data",
      "type": "aws_route_table",
      "name": "WizPublicRT",
      "provider": "provider[\"registry.terraform.io/hashicorp/aws\"]",
      "instances": [
        {
          "schema_version": 0,
          "attributes": {
            "arn": "arn:aws:ec2:us-east-1:481234287216:route-table/rtb-05c24b88ba0fef19d",
            "associations": [
              {
                "gateway_id": "",
                "main": false,
                "route_table_association_id": "rtbassoc-0752612f4466d8b70",
                "route_table_id": "rtb-05c24b88ba0fef19d",
                "subnet_id": "subnet-0b49b011820a4466d"
              }
            ],
            "filter": [
              {
                "name": "tag:Name",
                "values": [
                  "WizPublicRT"
                ]
              }
            ],
            "gateway_id": null,
            "id": "rtb-05c24b88ba0fef19d",
            "owner_id": "481234287216",
            "route_table_id": "rtb-05c24b88ba0fef19d",
            "routes": [
              {
                "carrier_gateway_id": "",
                "cidr_block": "0.0.0.0/0",
                "core_network_arn": "",
                "destination_prefix_list_id": "",
                "egress_only_gateway_id": "",
                "gateway_id": "igw-e3c07798",
                "instance_id": "",
                "ipv6_cidr_block": "",
                "local_gateway_id": "",
                "nat_gateway_id": "",
                "network_interface_id": "",
                "transit_gateway_id": "",
                "vpc_endpoint_id": "",
                "vpc_peering_connection_id": ""
              }
            ],
            "subnet_id": "subnet-0b49b011820a4466d",
            "tags": {
              "Name": "WizPublicRT"
            },
            "timeouts": null,
            "vpc_id": "vpc-ff5b1b85"
          },
          "sensitive_attributes": []
        }
      ]
    },
    {
      "mode": "data",
      "type": "aws_s3_bucket",
      "name": "wizdemobucketpublic",
      "provider": "provider[\"registry.terraform.io/hashicorp/aws\"]",
      "instances": [
        {
          "schema_version": 0,
          "attributes": {
            "arn": "arn:aws:s3:::wizdemobucketpublic",
            "bucket": "wizdemobucketpublic",
            "bucket_domain_name": "wizdemobucketpublic.s3.amazonaws.com",
            "bucket_regional_domain_name": "wizdemobucketpublic.s3.amazonaws.com",
            "hosted_zone_id": "Z3AQBSTGFYJSTF",
            "id": "wizdemobucketpublic",
            "region": "us-east-1",
            "website_domain": null,
            "website_endpoint": null
          },
          "sensitive_attributes": []
        }
      ]
    },
    {
      "mode": "data",
      "type": "aws_security_groups",
      "name": "MongoDBSecurityGroup",
      "provider": "provider[\"registry.terraform.io/hashicorp/aws\"]",
      "instances": [
        {
          "schema_version": 0,
          "attributes": {
            "arns": [
              "arn:aws:ec2:us-east-1:481234287216:security-group/sg-0a912a748fd3fd443"
            ],
            "filter": null,
            "id": "us-east-1",
            "ids": [
              "sg-0a912a748fd3fd443"
            ],
            "tags": {
              "Name": "MongoDBSecurityGroup"
            },
            "timeouts": null,
            "vpc_ids": [
              "vpc-ff5b1b85"
            ]
          },
          "sensitive_attributes": []
        }
      ]
    },
    {
      "mode": "data",
      "type": "aws_security_groups",
      "name": "bastion-sg",
      "provider": "provider[\"registry.terraform.io/hashicorp/aws\"]",
      "instances": [
        {
          "schema_version": 0,
          "attributes": {
            "arns": [
              "arn:aws:ec2:us-east-1:481234287216:security-group/sg-06d1d8953e8a7faf0"
            ],
            "filter": null,
            "id": "us-east-1",
            "ids": [
              "sg-06d1d8953e8a7faf0"
            ],
            "tags": {
              "Name": "bastion-sg"
            },
            "timeouts": null,
            "vpc_ids": [
              "vpc-ff5b1b85"
            ]
          },
          "sensitive_attributes": []
        }
      ]
    },
    {
      "mode": "data",
      "type": "aws_security_groups",
      "name": "eks-cluster-sg-wiz-cluster-plz-work-this-time-2144064441",
      "provider": "provider[\"registry.terraform.io/hashicorp/aws\"]",
      "instances": [
        {
          "schema_version": 0,
          "attributes": {
            "arns": [
              "arn:aws:ec2:us-east-1:481234287216:security-group/sg-0eaafb48ce0ab12c8"
            ],
            "filter": null,
            "id": "us-east-1",
            "ids": [
              "sg-0eaafb48ce0ab12c8"
            ],
            "tags": {
              "Name": "eks-cluster-sg-wiz-cluster-plz-work-this-time-2144064441"
            },
            "timeouts": null,
            "vpc_ids": [
              "vpc-ff5b1b85"
            ]
          },
          "sensitive_attributes": []
        }
      ]
    },
    {
      "mode": "data",
      "type": "aws_security_groups",
      "name": "eksctl-wiz-cluster-plz-work-this-time-cluster-ClusterSharedNodeSecurityGroup-Q0K2AZRB1RM2",
      "provider": "provider[\"registry.terraform.io/hashicorp/aws\"]",
      "instances": [
        {
          "schema_version": 0,
          "attributes": {
            "arns": [],
            "filter": null,
            "id": "us-east-1",
            "ids": [],
            "tags": {
              "Name": "eksctl-wiz-cluster-plz-work-this-time-cluster-ClusterSharedNodeSecurityGroup-Q0K2AZRB1RM2"
            },
            "timeouts": null,
            "vpc_ids": []
          },
          "sensitive_attributes": []
        }
      ]
    },
    {
      "mode": "data",
      "type": "aws_security_groups",
      "name": "eksctl-wiz-cluster-plz-work-this-time-cluster-ControlPlaneSecurityGroup-7J9QCEYKB3O1",
      "provider": "provider[\"registry.terraform.io/hashicorp/aws\"]",
      "instances": [
        {
          "schema_version": 0,
          "attributes": {
            "arns": [],
            "filter": null,
            "id": "us-east-1",
            "ids": [],
            "tags": {
              "Name": "eksctl-wiz-cluster-plz-work-this-time-cluster-ControlPlaneSecurityGroup-7J9QCEYKB3O1"
            },
            "timeouts": null,
            "vpc_ids": []
          },
          "sensitive_attributes": []
        }
      ]
    },
    {
      "mode": "data",
      "type": "aws_security_groups",
      "name": "eksctl-wiz-cluster-plz-work-this-time-nodegroup-WizNodeGroup-SG-68W700JSOGX2",
      "provider": "provider[\"registry.terraform.io/hashicorp/aws\"]",
      "instances": [
        {
          "schema_version": 0,
          "attributes": {
            "arns": [],
            "filter": null,
            "id": "us-east-1",
            "ids": [],
            "tags": {
              "Name": "eksctl-wiz-cluster-plz-work-this-time-nodegroup-WizNodeGroup-SG-68W700JSOGX2"
            },
            "timeouts": null,
            "vpc_ids": []
          },
          "sensitive_attributes": []
        }
      ]
    },
    {
      "mode": "data",
      "type": "aws_security_groups",
      "name": "k8s-elb-a629a856a8de844df825ff4ea35e38a9",
      "provider": "provider[\"registry.terraform.io/hashicorp/aws\"]",
      "instances": [
        {
          "schema_version": 0,
          "attributes": {
            "arns": [
              "arn:aws:ec2:us-east-1:481234287216:security-group/sg-01f07969493067aaa"
            ],
            "filter": null,
            "id": "us-east-1",
            "ids": [
              "sg-01f07969493067aaa"
            ],
            "tags": {
              "Name": "k8s-elb-a629a856a8de844df825ff4ea35e38a9"
            },
            "timeouts": null,
            "vpc_ids": [
              "vpc-ff5b1b85"
            ]
          },
          "sensitive_attributes": []
        }
      ]
    },
    {
      "mode": "data",
      "type": "aws_subnet",
      "name": "WizPrivateSubnetA",
      "provider": "provider[\"registry.terraform.io/hashicorp/aws\"]",
      "instances": [
        {
          "schema_version": 0,
          "attributes": {
            "arn": "arn:aws:ec2:us-east-1:481234287216:subnet/subnet-05b4848fa221e0d86",
            "assign_ipv6_address_on_creation": false,
            "availability_zone": "us-east-1a",
            "availability_zone_id": "use1-az2",
            "available_ip_address_count": 238,
            "cidr_block": "172.31.121.0/24",
            "customer_owned_ipv4_pool": "",
            "default_for_az": false,
            "enable_dns64": false,
            "enable_lni_at_device_index": 0,
            "enable_resource_name_dns_a_record_on_launch": false,
            "enable_resource_name_dns_aaaa_record_on_launch": false,
            "filter": null,
            "id": "subnet-05b4848fa221e0d86",
            "ipv6_cidr_block": "",
            "ipv6_cidr_block_association_id": "",
            "ipv6_native": false,
            "map_customer_owned_ip_on_launch": false,
            "map_public_ip_on_launch": false,
            "outpost_arn": "",
            "owner_id": "481234287216",
            "private_dns_hostname_type_on_launch": "ip-name",
            "state": "available",
            "tags": {
              "Name": "WizPrivateSubnetA"
            },
            "timeouts": null,
            "vpc_id": "vpc-ff5b1b85"
          },
          "sensitive_attributes": []
        }
      ]
    },
    {
      "mode": "data",
      "type": "aws_subnet",
      "name": "WizPrivateSubnetB",
      "provider": "provider[\"registry.terraform.io/hashicorp/aws\"]",
      "instances": [
        {
          "schema_version": 0,
          "attributes": {
            "arn": "arn:aws:ec2:us-east-1:481234287216:subnet/subnet-0e181cebc851c5f86",
            "assign_ipv6_address_on_creation": false,
            "availability_zone": "us-east-1b",
            "availability_zone_id": "use1-az4",
            "available_ip_address_count": 250,
            "cidr_block": "172.31.122.0/24",
            "customer_owned_ipv4_pool": "",
            "default_for_az": false,
            "enable_dns64": false,
            "enable_lni_at_device_index": 0,
            "enable_resource_name_dns_a_record_on_launch": false,
            "enable_resource_name_dns_aaaa_record_on_launch": false,
            "filter": null,
            "id": "subnet-0e181cebc851c5f86",
            "ipv6_cidr_block": "",
            "ipv6_cidr_block_association_id": "",
            "ipv6_native": false,
            "map_customer_owned_ip_on_launch": false,
            "map_public_ip_on_launch": false,
            "outpost_arn": "",
            "owner_id": "481234287216",
            "private_dns_hostname_type_on_launch": "ip-name",
            "state": "available",
            "tags": {
              "Name": "WizPrivateSubnetB"
            },
            "timeouts": null,
            "vpc_id": "vpc-ff5b1b85"
          },
          "sensitive_attributes": []
        }
      ]
    },
    {
      "mode": "data",
      "type": "aws_subnet",
      "name": "WizPublicSubnet",
      "provider": "provider[\"registry.terraform.io/hashicorp/aws\"]",
      "instances": [
        {
          "schema_version": 0,
          "attributes": {
            "arn": "arn:aws:ec2:us-east-1:481234287216:subnet/subnet-0b49b011820a4466d",
            "assign_ipv6_address_on_creation": false,
            "availability_zone": "us-east-1a",
            "availability_zone_id": "use1-az2",
            "available_ip_address_count": 244,
            "cidr_block": "172.31.120.0/24",
            "customer_owned_ipv4_pool": "",
            "default_for_az": false,
            "enable_dns64": false,
            "enable_lni_at_device_index": 0,
            "enable_resource_name_dns_a_record_on_launch": false,
            "enable_resource_name_dns_aaaa_record_on_launch": false,
            "filter": null,
            "id": "subnet-0b49b011820a4466d",
            "ipv6_cidr_block": "",
            "ipv6_cidr_block_association_id": "",
            "ipv6_native": false,
            "map_customer_owned_ip_on_launch": false,
            "map_public_ip_on_launch": true,
            "outpost_arn": "",
            "owner_id": "481234287216",
            "private_dns_hostname_type_on_launch": "ip-name",
            "state": "available",
            "tags": {
              "Name": "WizPublicSubnet"
            },
            "timeouts": null,
            "vpc_id": "vpc-ff5b1b85"
          },
          "sensitive_attributes": []
        }
      ]
    },
    {
      "mode": "data",
      "type": "aws_vpc",
      "name": "default-vpc",
      "provider": "provider[\"registry.terraform.io/hashicorp/aws\"]",
      "instances": [
        {
          "schema_version": 0,
          "attributes": {
            "arn": "arn:aws:ec2:us-east-1:481234287216:vpc/vpc-ff5b1b85",
            "cidr_block": "172.31.0.0/16",
            "cidr_block_associations": [
              {
                "association_id": "vpc-cidr-assoc-39732e55",
                "cidr_block": "172.31.0.0/16",
                "state": "associated"
              }
            ],
            "default": true,
            "dhcp_options_id": "dopt-4e836e34",
            "enable_dns_hostnames": true,
            "enable_dns_support": true,
            "enable_network_address_usage_metrics": false,
            "filter": null,
            "id": "vpc-ff5b1b85",
            "instance_tenancy": "default",
            "ipv6_association_id": "",
            "ipv6_cidr_block": "",
            "main_route_table_id": "rtb-d3d21dad",
            "owner_id": "481234287216",
            "state": null,
            "tags": {
              "Name": "default_vpc_us_east_1"
            },
            "timeouts": null
          },
          "sensitive_attributes": []
        }
      ]
    },
    {
      "mode": "managed",
      "type": "aws_eks_cluster",
      "name": "wiz-cluster",
      "provider": "provider[\"registry.terraform.io/hashicorp/aws\"]",
      "instances": [
        {
          "schema_version": 0,
          "attributes": {
            "arn": "arn:aws:eks:us-east-1:481234287216:cluster/wiz-cluster",
            "certificate_authority": [
              {
                "data": "LS0tLS1CRUdJTiBDRVJUSUZJQ0FURS0tLS0tCk1JSUMvakNDQWVhZ0F3SUJBZ0lCQURBTkJna3Foa2lHOXcwQkFRc0ZBREFWTVJNd0VRWURWUVFERXdwcmRXSmwKY201bGRHVnpNQjRYRFRJek1EY3hNREUxTWpreE5Gb1hEVE16TURjd056RTFNamt4TkZvd0ZURVRNQkVHQTFVRQpBeE1LYTNWaVpYSnVaWFJsY3pDQ0FTSXdEUVlKS29aSWh2Y05BUUVCQlFBRGdnRVBBRENDQVFvQ2dnRUJBTVIxClhsUUZkR3B4cjBiRUpkSlQrNFh0QUxURkNSb2FHbjNKRlNncGVNNkF4d1JJLzVnQ0lrOXNENk0xb0tJdzJKcWEKbDhzbE52ZFJYbFg2WWMzMU1kcmtXSjM1Wm0xa1NIUjhpd1ZNM00rSHJyWmZna1hML3pZVDNGdnRYSkFrQTljSQptM0RyeTZMZ0E0UExHVERFVnFKeVVUSTVVYW1LQ1ZXeWZ0WHV4NE5XOW5sQ0ptU2plYzZOWGJWb1YxOGZQd0hBCkRIZDFiUENaR09vSHIwdVVDOHFVUFZQM0N5RGdhL3ZObHBETU56K0xYcE85KzV0RUxDVFdGQzMzNEs4cnJaRXIKZWpiMEhFaCtDMVdvd0oyUGk4UGw0UStxSDY2TkFFSHIzQzN4OThwbHVBWk5zZHZaQmFYTUp3NHdmWHUwTlArbgo4Smpic3BmT0JlWlBud2dKeTBzQ0F3RUFBYU5aTUZjd0RnWURWUjBQQVFIL0JBUURBZ0trTUE4R0ExVWRFd0VCCi93UUZNQU1CQWY4d0hRWURWUjBPQkJZRUZFL0RybnZNbFczMTdiV2tNdjlJRkNNcE95eldNQlVHQTFVZEVRUU8KTUF5Q0NtdDFZbVZ5Ym1WMFpYTXdEUVlKS29aSWh2Y05BUUVMQlFBRGdnRUJBQXQrQmREeTkxakQrUFl0TXF4aAo2Sm5zMjNtVFZiUzkyL01JaHpZb1dtbUFhYS9BbEpaaGJQdUtkVktlMEVCUGxqQUJ3bVRyNEpvZ2RCM1c1RkhTCmxkK1dCa29MeUlIQ29kSVdLL1Y4WjJnWlRGMkhDOXgzWG0vbm0yNlJILzV6M3ZFbjJaSGkwcWtYRWo1cHhWSSsKd3VHNEdyWHdzUnBwRkp5aXJ2Slk1OTFseFpQSjJCaUU3Z09Eem9vRHhQMjMrNXJZL0lPbW9ld1pGckdVU1YxSAp6ZDBxdzVQUlBBRHhwd1NreDNXYWIrWTkvTmV4MzVKWjhENzVYNlFPd1F4a082KzR5WThaOWVBMExka1JvT3d6CnRyaVlEeHZlaUh1QStLdlhRR3FDb3oxck9meUlzQTJPSmFRSlkwQ2ZUejhIQzdYQ1NrZ3NjT09tTUtPcHQyc2kKdGFVPQotLS0tLUVORCBDRVJUSUZJQ0FURS0tLS0tCg=="
              }
            ],
            "cluster_id": null,
            "created_at": "2023-07-10 15:23:47.183 +0000 UTC",
            "enabled_cluster_log_types": null,
            "encryption_config": [],
            "endpoint": "https://DB52BF36DBD56B56E69A8A73D9C98732.gr7.us-east-1.eks.amazonaws.com",
            "id": "wiz-cluster",
            "identity": [
              {
                "oidc": [
                  {
                    "issuer": "https://oidc.eks.us-east-1.amazonaws.com/id/DB52BF36DBD56B56E69A8A73D9C98732"
                  }
                ]
              }
            ],
            "kubernetes_network_config": [
              {
                "ip_family": "ipv4",
                "service_ipv4_cidr": "10.100.0.0/16",
                "service_ipv6_cidr": ""
              }
            ],
            "name": "wiz-cluster",
            "outpost_config": [],
            "platform_version": "eks.3",
            "role_arn": "arn:aws:iam::481234287216:role/wiz-iam-role-terraform",
            "status": "ACTIVE",
            "tags": null,
            "tags_all": {},
            "timeouts": null,
            "version": "1.27",
            "vpc_config": [
              {
                "cluster_security_group_id": "sg-06fcb2bff0b607f52",
                "endpoint_private_access": false,
                "endpoint_public_access": true,
                "public_access_cidrs": [
                  "0.0.0.0/0"
                ],
                "security_group_ids": null,
                "subnet_ids": [
                  "subnet-05b4848fa221e0d86",
                  "subnet-0b49b011820a4466d",
                  "subnet-0e181cebc851c5f86"
                ],
                "vpc_id": "vpc-ff5b1b85"
              }
            ]
          },
          "sensitive_attributes": [],
          "private": "eyJlMmJmYjczMC1lY2FhLTExZTYtOGY4OC0zNDM2M2JjN2M0YzAiOnsiY3JlYXRlIjoxODAwMDAwMDAwMDAwLCJkZWxldGUiOjkwMDAwMDAwMDAwMCwidXBkYXRlIjozNjAwMDAwMDAwMDAwfX0=",
          "dependencies": [
            "aws_iam_role.wiz-iam-role-terraform",
            "aws_iam_role_policy_attachment.wiz-AmazonEKSClusterPolicy-terraform",
            "aws_iam_role_policy_attachment.wiz-AmazonEKSVPCResourceController-terraform",
            "data.aws_subnet.WizPrivateSubnetA",
            "data.aws_subnet.WizPrivateSubnetB",
            "data.aws_subnet.WizPublicSubnet"
          ]
        }
      ]
    },
    {
      "mode": "managed",
      "type": "aws_iam_role",
      "name": "wiz-iam-role-terraform",
      "provider": "provider[\"registry.terraform.io/hashicorp/aws\"]",
      "instances": [
        {
          "schema_version": 0,
          "attributes": {
            "arn": "arn:aws:iam::481234287216:role/wiz-iam-role-terraform",
            "assume_role_policy": "{\"Statement\":[{\"Action\":\"sts:AssumeRole\",\"Effect\":\"Allow\",\"Principal\":{\"Service\":\"eks.amazonaws.com\"}}],\"Version\":\"2012-10-17\"}",
            "create_date": "2023-07-10T15:23:35Z",
            "description": "",
            "force_detach_policies": false,
            "id": "wiz-iam-role-terraform",
            "inline_policy": [],
            "managed_policy_arns": [],
            "max_session_duration": 3600,
            "name": "wiz-iam-role-terraform",
            "name_prefix": "",
            "path": "/",
            "permissions_boundary": null,
            "role_last_used": [
              {
                "last_used_date": "",
                "region": ""
              }
            ],
            "tags": null,
            "tags_all": {},
            "unique_id": "AROAXAC6MPJYBIKU577MB"
          },
          "sensitive_attributes": [],
          "private": "bnVsbA=="
        }
      ]
    },
    {
      "mode": "managed",
      "type": "aws_iam_role_policy_attachment",
      "name": "wiz-AmazonEKSClusterPolicy-terraform",
      "provider": "provider[\"registry.terraform.io/hashicorp/aws\"]",
      "instances": [
        {
          "schema_version": 0,
          "attributes": {
            "id": "wiz-iam-role-terraform-20230710152335475000000001",
            "policy_arn": "arn:aws:iam::aws:policy/AmazonEKSClusterPolicy",
            "role": "wiz-iam-role-terraform"
          },
          "sensitive_attributes": [],
          "private": "bnVsbA==",
          "dependencies": [
            "aws_iam_role.wiz-iam-role-terraform"
          ]
        }
      ]
    },
    {
      "mode": "managed",
      "type": "aws_iam_role_policy_attachment",
      "name": "wiz-AmazonEKSVPCResourceController-terraform",
      "provider": "provider[\"registry.terraform.io/hashicorp/aws\"]",
      "instances": [
        {
          "schema_version": 0,
          "attributes": {
            "id": "wiz-iam-role-terraform-20230710152335540300000002",
            "policy_arn": "arn:aws:iam::aws:policy/AmazonEKSVPCResourceController",
            "role": "wiz-iam-role-terraform"
          },
          "sensitive_attributes": [],
          "private": "bnVsbA==",
          "dependencies": [
            "aws_iam_role.wiz-iam-role-terraform"
          ]
        }
      ]
    }
  ],
  "check_results": null
}
